
Microsoft Visual Studio Solution File, Format Version 12.00
# Visual Studio 15
VisualStudioVersion = 15.0.28010.2003
MinimumVisualStudioVersion = 10.0.40219.1
Project("{FAE04EC0-301F-11D3-BF4B-00C04F79EFBC}") = "HomeIS", "HomeIS\HomeIS.csproj", "{C35EC640-6E7B-4422-8E50-82C4BBDCEF80}"
EndProject
Project("{FAE04EC0-301F-11D3-BF4B-00C04F79EFBC}") = "ApartmentMachineLearning", "ApartmentMachineLearning\ApartmentMachineLearning.csproj", "{5466974D-4C17-4E9B-960F-DF88DEA35DA6}"
EndProject
Project("{FAE04EC0-301F-11D3-BF4B-00C04F79EFBC}") = "ApartmentMachineLearningBridge", "ApartmentMachineLearningBridge\ApartmentMachineLearningBridge.csproj", "{B87DA7B3-C754-474C-8679-731F0D24D320}"
EndProject
Global
	GlobalSection(SolutionConfigurationPlatforms) = preSolution
		Debug|Any CPU = Debug|Any CPU
		Release|Any CPU = Release|Any CPU
	EndGlobalSection
	GlobalSection(ProjectConfigurationPlatforms) = postSolution
		{C35EC640-6E7B-4422-8E50-82C4BBDCEF80}.Debug|Any CPU.ActiveCfg = Debug|Any CPU
		{C35EC640-6E7B-4422-8E50-82C4BBDCEF80}.Debug|Any CPU.Build.0 = Debug|Any CPU
		{C35EC640-6E7B-4422-8E50-82C4BBDCEF80}.Release|Any CPU.ActiveCfg = Release|Any CPU
		{C35EC640-6E7B-4422-8E50-82C4BBDCEF80}.Release|Any CPU.Build.0 = Release|Any CPU
		{5466974D-4C17-4E9B-960F-DF88DEA35DA6}.Debug|Any CPU.ActiveCfg = Debug|Any CPU
		{5466974D-4C17-4E9B-960F-DF88DEA35DA6}.Debug|Any CPU.Build.0 = Debug|Any CPU
		{5466974D-4C17-4E9B-960F-DF88DEA35DA6}.Release|Any CPU.ActiveCfg = Release|Any CPU
		{5466974D-4C17-4E9B-960F-DF88DEA35DA6}.Release|Any CPU.Build.0 = Release|Any CPU
		{B87DA7B3-C754-474C-8679-731F0D24D320}.Debug|Any CPU.ActiveCfg = Debug|Any CPU
		{B87DA7B3-C754-474C-8679-731F0D24D320}.Debug|Any CPU.Build.0 = Debug|Any CPU
		{B87DA7B3-C754-474C-8679-731F0D24D320}.Release|Any CPU.ActiveCfg = Release|Any CPU
		{B87DA7B3-C754-474C-8679-731F0D24D320}.Release|Any CPU.Build.0 = Release|Any CPU
	EndGlobalSection
	GlobalSection(SolutionProperties) = preSolution
		HideSolutionNode = FALSE
	EndGlobalSection
	GlobalSection(ExtensibilityGlobals) = postSolution
		SolutionGuid = {1A63CBE9-EAD3-4AC8-A1CE-A3AF6447265A}
	EndGlobalSection
EndGlobal
